
Microsoft Visual Studio Solution File, Format Version 12.00
# Visual Studio Version 16
VisualStudioVersion = 16.0.29920.165
MinimumVisualStudioVersion = 10.0.40219.1
Project("{FAE04EC0-301F-11D3-BF4B-00C04F79EFBC}") = "GTA5_Keybinder_Bonnyfication", "GTA5_Keybinder_Bonnyfication.csproj", "{94F04414-9C3A-4C40-9F19-9B7B8436807D}"
EndProject
Global
	GlobalSection(SolutionConfigurationPlatforms) = preSolution
		Debug|Any CPU = Debug|Any CPU
		Release|Any CPU = Release|Any CPU
	EndGlobalSection
	GlobalSection(ProjectConfigurationPlatforms) = postSolution
		{94F04414-9C3A-4C40-9F19-9B7B8436807D}.Debug|Any CPU.ActiveCfg = Debug|Any CPU
		{94F04414-9C3A-4C40-9F19-9B7B8436807D}.Debug|Any CPU.Build.0 = Debug|Any CPU
		{94F04414-9C3A-4C40-9F19-9B7B8436807D}.Release|Any CPU.ActiveCfg = Release|Any CPU
		{94F04414-9C3A-4C40-9F19-9B7B8436807D}.Release|Any CPU.Build.0 = Release|Any CPU
	EndGlobalSection
	GlobalSection(SolutionProperties) = preSolution
		HideSolutionNode = FALSE
	EndGlobalSection
	GlobalSection(ExtensibilityGlobals) = postSolution
		SolutionGuid = {3594C4D8-16E7-4473-9E4C-39FD0D67EA92}
	EndGlobalSection
EndGlobal
